{
  "name": "@wormhole-foundation/sdk-stacks-ntt",
  "version": "1.0.0",
  "lockfileVersion": 3,
  "requires": true,
  "packages": {
    "": {
      "name": "@wormhole-foundation/sdk-stacks-ntt",
      "version": "1.0.0",
      "license": "Apache-2.0",
      "dependencies": {
        "@stacks/network": "^7.2.0",
        "@stacks/transactions": "^7.2.0",
        "@wormhole-foundation/sdk-base": "file:../../../wormhole-sdk-ts/core/base",
        "@wormhole-foundation/sdk-definitions": "file:../../../wormhole-sdk-ts/core/definitions",
        "@wormhole-foundation/sdk-definitions-ntt": "1.0.0",
        "@wormhole-foundation/sdk-stacks": "file:../../../wormhole-sdk-ts/platforms/stacks"
      },
      "devDependencies": {
        "tsx": "^4.7.2"
      },
      "engines": {
        "node": ">=16"
      }
    },
    "../../../wormhole-sdk-ts/core/base": {
      "name": "@wormhole-foundation/sdk-base",
      "version": "2.4.0",
      "license": "Apache-2.0",
      "dependencies": {
        "@scure/base": "^1.1.3",
        "binary-layout": "^1.0.3"
      }
    },
    "../../../wormhole-sdk-ts/core/definitions": {
      "name": "@wormhole-foundation/sdk-definitions",
      "version": "2.4.0",
      "dependencies": {
        "@noble/curves": "^1.4.0",
        "@noble/hashes": "^1.3.1",
        "@wormhole-foundation/sdk-base": "1.20.0"
      }
    },
    "../../../wormhole-sdk-ts/platforms/stacks": {
      "name": "@wormhole-foundation/sdk-stacks",
      "version": "1.20.0",
      "license": "Apache-2.0",
      "dependencies": {
        "@stacks/network": "^7.0.2",
        "@stacks/transactions": "^7.1.0",
        "@wormhole-foundation/sdk-connect": "1.20.0"
      },
      "devDependencies": {
        "nock": "^13.3.3"
      },
      "engines": {
        "node": ">=16"
      }
    },
    "node_modules/@esbuild/darwin-arm64": {
      "version": "0.25.8",
      "resolved": "https://registry.npmjs.org/@esbuild/darwin-arm64/-/darwin-arm64-0.25.8.tgz",
      "integrity": "sha512-Jw0mxgIaYX6R8ODrdkLLPwBqHTtYHJSmzzd+QeytSugzQ0Vg4c5rDky5VgkoowbZQahCbsv1rT1KW72MPIkevw==",
      "cpu": [
        "arm64"
      ],
      "dev": true,
      "license": "MIT",
      "optional": true,
      "os": [
        "darwin"
      ],
      "engines": {
        "node": ">=18"
      }
    },
    "node_modules/@noble/hashes": {
      "version": "1.1.5",
      "resolved": "https://registry.npmjs.org/@noble/hashes/-/hashes-1.1.5.tgz",
      "integrity": "sha512-LTMZiiLc+V4v1Yi16TD6aX2gmtKszNye0pQgbaLqkvhIqP7nVsSaJsWloGQjJfJ8offaoP5GtX3yY5swbcJxxQ==",
      "funding": [
        {
          "type": "individual",
          "url": "https://paulmillr.com/funding/"
        }
      ],
      "license": "MIT"
    },
    "node_modules/@noble/secp256k1": {
      "version": "1.7.1",
      "resolved": "https://registry.npmjs.org/@noble/secp256k1/-/secp256k1-1.7.1.tgz",
      "integrity": "sha512-hOUk6AyBFmqVrv7k5WAw/LpszxVbj9gGN4JRkIX52fdFAj1UA61KXmZDvqVEm+pOyec3+fIeZB02LYa/pWOArw==",
      "funding": [
        {
          "type": "individual",
          "url": "https://paulmillr.com/funding/"
        }
      ],
      "license": "MIT"
    },
    "node_modules/@stacks/common": {
      "version": "7.0.2",
      "resolved": "https://registry.npmjs.org/@stacks/common/-/common-7.0.2.tgz",
      "integrity": "sha512-+RSecHdkxOtswmE4tDDoZlYEuULpnTQVeDIG5eZ32opK8cFxf4EugAcK9CsIsHx/Se1yTEaQ21WGATmJGK84lQ==",
      "license": "MIT"
    },
    "node_modules/@stacks/network": {
      "version": "7.2.0",
      "resolved": "https://registry.npmjs.org/@stacks/network/-/network-7.2.0.tgz",
      "integrity": "sha512-AkLougCF2RLbK97TtISZxAhF3cE757XMXWOGKvEFWNauiQ5/bYyI9W5jZypG3yI/AyYIo04NKoFWWTnpJcn1iA==",
      "license": "MIT",
      "dependencies": {
        "@stacks/common": "^7.0.2",
        "cross-fetch": "^3.1.5"
      }
    },
    "node_modules/@stacks/transactions": {
      "version": "7.2.0",
      "resolved": "https://registry.npmjs.org/@stacks/transactions/-/transactions-7.2.0.tgz",
      "integrity": "sha512-U7wjlxM9Q+408ihRsv5mlKRslXGt2WCShKi1lduiqf5+dBSRGdVi8ttCIEckSsg3ulCVF3EHTQF3LZgw4kwKlQ==",
      "license": "MIT",
      "dependencies": {
        "@noble/hashes": "1.1.5",
        "@noble/secp256k1": "1.7.1",
        "@stacks/common": "^7.0.2",
        "@stacks/network": "^7.2.0",
        "c32check": "^2.0.0",
        "lodash.clonedeep": "^4.5.0"
      }
    },
    "node_modules/@wormhole-foundation/sdk-base": {
      "resolved": "../../../wormhole-sdk-ts/core/base",
      "link": true
    },
    "node_modules/@wormhole-foundation/sdk-definitions": {
      "resolved": "../../../wormhole-sdk-ts/core/definitions",
      "link": true
    },
    "node_modules/@wormhole-foundation/sdk-definitions-ntt": {
      "version": "1.0.0",
      "resolved": "https://registry.npmjs.org/@wormhole-foundation/sdk-definitions-ntt/-/sdk-definitions-ntt-1.0.0.tgz",
      "integrity": "sha512-T/RbvZdB72l6VYQWsF3HFx4a80rv+jTGuQsAWmogjmT7F9Lmxx4jgq5brQ1pxrdZQpdAQ/NADDaFW0MulSKF+w==",
      "peerDependencies": {
        "@wormhole-foundation/sdk-base": "^2.1.0",
        "@wormhole-foundation/sdk-definitions": "^2.1.0"
      }
    },
    "node_modules/@wormhole-foundation/sdk-stacks": {
      "resolved": "../../../wormhole-sdk-ts/platforms/stacks",
      "link": true
    },
    "node_modules/base-x": {
      "version": "4.0.1",
      "resolved": "https://registry.npmjs.org/base-x/-/base-x-4.0.1.tgz",
      "integrity": "sha512-uAZ8x6r6S3aUM9rbHGVOIsR15U/ZSc82b3ymnCPsT45Gk1DDvhDPdIgB5MrhirZWt+5K0EEPQH985kNqZgNPFw==",
      "license": "MIT"
    },
    "node_modules/c32check": {
      "version": "2.0.0",
      "resolved": "https://registry.npmjs.org/c32check/-/c32check-2.0.0.tgz",
      "integrity": "sha512-rpwfAcS/CMqo0oCqDf3r9eeLgScRE3l/xHDCXhM3UyrfvIn7PrLq63uHh7yYbv8NzaZn5MVsVhIRpQ+5GZ5HyA==",
      "license": "MIT",
      "dependencies": {
        "@noble/hashes": "^1.1.2",
        "base-x": "^4.0.0"
      },
      "engines": {
        "node": ">=8"
      }
    },
    "node_modules/cross-fetch": {
      "version": "3.2.0",
      "resolved": "https://registry.npmjs.org/cross-fetch/-/cross-fetch-3.2.0.tgz",
      "integrity": "sha512-Q+xVJLoGOeIMXZmbUK4HYk+69cQH6LudR0Vu/pRm2YlU/hDV9CiS0gKUMaWY5f2NeUH9C1nV3bsTlCo0FsTV1Q==",
      "license": "MIT",
      "dependencies": {
        "node-fetch": "^2.7.0"
      }
    },
    "node_modules/esbuild": {
      "version": "0.25.8",
      "resolved": "https://registry.npmjs.org/esbuild/-/esbuild-0.25.8.tgz",
      "integrity": "sha512-vVC0USHGtMi8+R4Kz8rt6JhEWLxsv9Rnu/lGYbPR8u47B+DCBksq9JarW0zOO7bs37hyOK1l2/oqtbciutL5+Q==",
      "dev": true,
      "hasInstallScript": true,
      "license": "MIT",
      "bin": {
        "esbuild": "bin/esbuild"
      },
      "engines": {
        "node": ">=18"
      },
      "optionalDependencies": {
        "@esbuild/aix-ppc64": "0.25.8",
        "@esbuild/android-arm": "0.25.8",
        "@esbuild/android-arm64": "0.25.8",
        "@esbuild/android-x64": "0.25.8",
        "@esbuild/darwin-arm64": "0.25.8",
        "@esbuild/darwin-x64": "0.25.8",
        "@esbuild/freebsd-arm64": "0.25.8",
        "@esbuild/freebsd-x64": "0.25.8",
        "@esbuild/linux-arm": "0.25.8",
        "@esbuild/linux-arm64": "0.25.8",
        "@esbuild/linux-ia32": "0.25.8",
        "@esbuild/linux-loong64": "0.25.8",
        "@esbuild/linux-mips64el": "0.25.8",
        "@esbuild/linux-ppc64": "0.25.8",
        "@esbuild/linux-riscv64": "0.25.8",
        "@esbuild/linux-s390x": "0.25.8",
        "@esbuild/linux-x64": "0.25.8",
        "@esbuild/netbsd-arm64": "0.25.8",
        "@esbuild/netbsd-x64": "0.25.8",
        "@esbuild/openbsd-arm64": "0.25.8",
        "@esbuild/openbsd-x64": "0.25.8",
        "@esbuild/openharmony-arm64": "0.25.8",
        "@esbuild/sunos-x64": "0.25.8",
        "@esbuild/win32-arm64": "0.25.8",
        "@esbuild/win32-ia32": "0.25.8",
        "@esbuild/win32-x64": "0.25.8"
      }
    },
    "node_modules/get-tsconfig": {
      "version": "4.10.1",
      "resolved": "https://registry.npmjs.org/get-tsconfig/-/get-tsconfig-4.10.1.tgz",
      "integrity": "sha512-auHyJ4AgMz7vgS8Hp3N6HXSmlMdUyhSUrfBF16w153rxtLIEOE+HGqaBppczZvnHLqQJfiHotCYpNhl0lUROFQ==",
      "dev": true,
      "license": "MIT",
      "dependencies": {
        "resolve-pkg-maps": "^1.0.0"
      },
      "funding": {
        "url": "https://github.com/privatenumber/get-tsconfig?sponsor=1"
      }
    },
    "node_modules/lodash.clonedeep": {
      "version": "4.5.0",
      "resolved": "https://registry.npmjs.org/lodash.clonedeep/-/lodash.clonedeep-4.5.0.tgz",
      "integrity": "sha512-H5ZhCF25riFd9uB5UCkVKo61m3S/xZk1x4wA6yp/L3RFP6Z/eHH1ymQcGLo7J3GMPfm0V/7m1tryHuGVxpqEBQ==",
      "license": "MIT"
    },
    "node_modules/node-fetch": {
      "version": "2.7.0",
      "resolved": "https://registry.npmjs.org/node-fetch/-/node-fetch-2.7.0.tgz",
      "integrity": "sha512-c4FRfUm/dbcWZ7U+1Wq0AwCyFL+3nt2bEw05wfxSz+DWpWsitgmSgYmy2dQdWyKC1694ELPqMs/YzUSNozLt8A==",
      "license": "MIT",
      "dependencies": {
        "whatwg-url": "^5.0.0"
      },
      "engines": {
        "node": "4.x || >=6.0.0"
      },
      "peerDependencies": {
        "encoding": "^0.1.0"
      },
      "peerDependenciesMeta": {
        "encoding": {
          "optional": true
        }
      }
    },
    "node_modules/resolve-pkg-maps": {
      "version": "1.0.0",
      "resolved": "https://registry.npmjs.org/resolve-pkg-maps/-/resolve-pkg-maps-1.0.0.tgz",
      "integrity": "sha512-seS2Tj26TBVOC2NIc2rOe2y2ZO7efxITtLZcGSOnHHNOQ7CkiUBfw0Iw2ck6xkIhPwLhKNLS8BO+hEpngQlqzw==",
      "dev": true,
      "license": "MIT",
      "funding": {
        "url": "https://github.com/privatenumber/resolve-pkg-maps?sponsor=1"
      }
    },
    "node_modules/tr46": {
      "version": "0.0.3",
      "resolved": "https://registry.npmjs.org/tr46/-/tr46-0.0.3.tgz",
      "integrity": "sha512-N3WMsuqV66lT30CrXNbEjx4GEwlow3v6rr4mCcv6prnfwhS01rkgyFdjPNBYd9br7LpXV1+Emh01fHnq2Gdgrw==",
      "license": "MIT"
    },
    "node_modules/tsx": {
      "version": "4.20.3",
      "resolved": "https://registry.npmjs.org/tsx/-/tsx-4.20.3.tgz",
      "integrity": "sha512-qjbnuR9Tr+FJOMBqJCW5ehvIo/buZq7vH7qD7JziU98h6l3qGy0a/yPFjwO+y0/T7GFpNgNAvEcPPVfyT8rrPQ==",
      "dev": true,
      "license": "MIT",
      "dependencies": {
        "esbuild": "~0.25.0",
        "get-tsconfig": "^4.7.5"
      },
      "bin": {
        "tsx": "dist/cli.mjs"
      },
      "engines": {
        "node": ">=18.0.0"
      },
      "optionalDependencies": {
        "fsevents": "~2.3.3"
      }
    },
    "node_modules/webidl-conversions": {
      "version": "3.0.1",
      "resolved": "https://registry.npmjs.org/webidl-conversions/-/webidl-conversions-3.0.1.tgz",
      "integrity": "sha512-2JAn3z8AR6rjK8Sm8orRC0h/bcl/DqL7tRPdGZ4I1CjdF+EaMLmYxBHyXuKL849eucPFhvBoxMsflfOb8kxaeQ==",
      "license": "BSD-2-Clause"
    },
    "node_modules/whatwg-url": {
      "version": "5.0.0",
      "resolved": "https://registry.npmjs.org/whatwg-url/-/whatwg-url-5.0.0.tgz",
      "integrity": "sha512-saE57nupxk6v3HY35+jzBwYa0rKSy0XR8JSxZPwgLr7ys0IBzhGviA1/TUGJLmSVqs8pb9AnvICXEuOHLprYTw==",
      "license": "MIT",
      "dependencies": {
        "tr46": "~0.0.3",
        "webidl-conversions": "^3.0.0"
      }
    }
  }
}
