{
  "name": "@wormhole-foundation/ntt-cli",
  "version": "1.3.0",
  "lockfileVersion": 3,
  "requires": true,
  "packages": {
    "": {
      "name": "@wormhole-foundation/ntt-cli",
      "version": "1.3.0",
      "dependencies": {
        "@mysten/sui": "1.37.2",
        "@wormhole-foundation/sdk-sui-ntt": "^2.0.3",
        "chalk": "^5.3.0",
        "yargs": "^17.7.2"
      },
      "bin": {
        "ntt": "src/index.ts"
      },
      "devDependencies": {
        "@types/bun": "latest",
        "@types/yargs": "^17.0.32"
      },
      "peerDependencies": {
        "typescript": "^5.0.0"
      }
    },
    "node_modules/@0no-co/graphql.web": {
      "version": "1.2.0",
      "resolved": "https://registry.npmjs.org/@0no-co/graphql.web/-/graphql.web-1.2.0.tgz",
      "integrity": "sha512-/1iHy9TTr63gE1YcR5idjx8UREz1s0kFhydf3bBLCXyqjhkIc6igAzTOx3zPifCwFR87tsh/4Pa9cNts6d2otw==",
      "license": "MIT",
      "peerDependencies": {
        "graphql": "^14.0.0 || ^15.0.0 || ^16.0.0"
      },
      "peerDependenciesMeta": {
        "graphql": {
          "optional": true
        }
      }
    },
    "node_modules/@0no-co/graphqlsp": {
      "version": "1.15.0",
      "resolved": "https://registry.npmjs.org/@0no-co/graphqlsp/-/graphqlsp-1.15.0.tgz",
      "integrity": "sha512-SReJAGmOeXrHGod+9Odqrz4s43liK0b2DFUetb/jmYvxFpWmeNfFYo0seCh0jz8vG3p1pnYMav0+Tm7XwWtOJw==",
      "license": "MIT",
      "dependencies": {
        "@gql.tada/internal": "^1.0.0",
        "graphql": "^15.5.0 || ^16.0.0 || ^17.0.0"
      },
      "peerDependencies": {
        "graphql": "^15.5.0 || ^16.0.0 || ^17.0.0",
        "typescript": "^5.0.0"
      }
    },
    "node_modules/@gql.tada/cli-utils": {
      "version": "1.7.1",
      "resolved": "https://registry.npmjs.org/@gql.tada/cli-utils/-/cli-utils-1.7.1.tgz",
      "integrity": "sha512-wg5ysZNQxtNQm67T3laVWmZzLpGb7QfyYWZdaUD2r1OjDj5Bgftq7eQlplmH+hsdffjuUyhJw/b5XAjeE2mJtg==",
      "license": "MIT",
      "dependencies": {
        "@0no-co/graphqlsp": "^1.12.13",
        "@gql.tada/internal": "1.0.8",
        "graphql": "^15.5.0 || ^16.0.0 || ^17.0.0"
      },
      "peerDependencies": {
        "@0no-co/graphqlsp": "^1.12.13",
        "@gql.tada/svelte-support": "1.0.1",
        "@gql.tada/vue-support": "1.0.1",
        "graphql": "^15.5.0 || ^16.0.0 || ^17.0.0",
        "typescript": "^5.0.0"
      },
      "peerDependenciesMeta": {
        "@gql.tada/svelte-support": {
          "optional": true
        },
        "@gql.tada/vue-support": {
          "optional": true
        }
      }
    },
    "node_modules/@gql.tada/internal": {
      "version": "1.0.8",
      "resolved": "https://registry.npmjs.org/@gql.tada/internal/-/internal-1.0.8.tgz",
      "integrity": "sha512-XYdxJhtHC5WtZfdDqtKjcQ4d7R1s0d1rnlSs3OcBEUbYiPoJJfZU7tWsVXuv047Z6msvmr4ompJ7eLSK5Km57g==",
      "license": "MIT",
      "dependencies": {
        "@0no-co/graphql.web": "^1.0.5"
      },
      "peerDependencies": {
        "graphql": "^15.5.0 || ^16.0.0 || ^17.0.0",
        "typescript": "^5.0.0"
      }
    },
    "node_modules/@graphql-typed-document-node/core": {
      "version": "3.2.0",
      "resolved": "https://registry.npmjs.org/@graphql-typed-document-node/core/-/core-3.2.0.tgz",
      "integrity": "sha512-mB9oAsNCm9aM3/SOv4YtBMqZbYj10R7dkq8byBqxGY/ncFwhf2oQzMV+LCRlWoDSEBJ3COiR1yeDvMtsoOsuFQ==",
      "license": "MIT",
      "peerDependencies": {
        "graphql": "^0.8.0 || ^0.9.0 || ^0.10.0 || ^0.11.0 || ^0.12.0 || ^0.13.0 || ^14.0.0 || ^15.0.0 || ^16.0.0 || ^17.0.0"
      }
    },
    "node_modules/@mysten/bcs": {
      "version": "1.7.0",
      "resolved": "https://registry.npmjs.org/@mysten/bcs/-/bcs-1.7.0.tgz",
      "integrity": "sha512-8zE2Jzj2ai55RlVXx2pEMbbq+X3vB+uPGBvZr0F79IdTwuwcu4QdFG3PT/zHsytsvATkn+z0f2YDWhM5916u2A==",
      "license": "Apache-2.0",
      "dependencies": {
        "@mysten/utils": "0.1.1",
        "@scure/base": "^1.2.6"
      }
    },
    "node_modules/@mysten/sui": {
      "version": "1.37.2",
      "resolved": "https://registry.npmjs.org/@mysten/sui/-/sui-1.37.2.tgz",
      "integrity": "sha512-HZLsKfiqbIgZvmoSPdW+AVNEzj9OYf9TV/VP9qEAIKERLS9EEeBYpz3Ju7WR6apuQvjOtPGs5yimEOuQQ7sRww==",
      "license": "Apache-2.0",
      "dependencies": {
        "@graphql-typed-document-node/core": "^3.2.0",
        "@mysten/bcs": "1.7.0",
        "@mysten/utils": "0.1.1",
        "@noble/curves": "^1.9.4",
        "@noble/hashes": "^1.8.0",
        "@scure/base": "^1.2.6",
        "@scure/bip32": "^1.7.0",
        "@scure/bip39": "^1.6.0",
        "gql.tada": "^1.8.12",
        "graphql": "^16.11.0",
        "poseidon-lite": "^0.2.0",
        "valibot": "^0.36.0"
      },
      "engines": {
        "node": ">=18"
      }
    },
    "node_modules/@mysten/utils": {
      "version": "0.1.1",
      "resolved": "https://registry.npmjs.org/@mysten/utils/-/utils-0.1.1.tgz",
      "integrity": "sha512-jvhJC6/2la1QHltukQXzfyTZ+VVHxe187JjPx+mEXRUWyAo6jCSdioOQJIfaGu4K4i+37KeiydXRwV/bq/7UJQ==",
      "license": "Apache-2.0",
      "dependencies": {
        "@scure/base": "^1.2.6"
      }
    },
    "node_modules/@noble/curves": {
      "version": "1.9.7",
      "resolved": "https://registry.npmjs.org/@noble/curves/-/curves-1.9.7.tgz",
      "integrity": "sha512-gbKGcRUYIjA3/zCCNaWDciTMFI0dCkvou3TL8Zmy5Nc7sJ47a0jtOeZoTaMxkuqRo9cRhjOdZJXegxYE5FN/xw==",
      "license": "MIT",
      "dependencies": {
        "@noble/hashes": "1.8.0"
      },
      "engines": {
        "node": "^14.21.3 || >=16"
      },
      "funding": {
        "url": "https://paulmillr.com/funding/"
      }
    },
    "node_modules/@noble/hashes": {
      "version": "1.8.0",
      "resolved": "https://registry.npmjs.org/@noble/hashes/-/hashes-1.8.0.tgz",
      "integrity": "sha512-jCs9ldd7NwzpgXDIf6P3+NrHh9/sD6CQdxHyjQI+h/6rDNo88ypBxxz45UDuZHz9r3tNz7N/VInSVoVdtXEI4A==",
      "license": "MIT",
      "engines": {
        "node": "^14.21.3 || >=16"
      },
      "funding": {
        "url": "https://paulmillr.com/funding/"
      }
    },
    "node_modules/@scure/base": {
      "version": "1.2.6",
      "resolved": "https://registry.npmjs.org/@scure/base/-/base-1.2.6.tgz",
      "integrity": "sha512-g/nm5FgUa//MCj1gV09zTJTaM6KBAHqLN907YVQqf7zC49+DcO4B1so4ZX07Ef10Twr6nuqYEH9GEggFXA4Fmg==",
      "license": "MIT",
      "funding": {
        "url": "https://paulmillr.com/funding/"
      }
    },
    "node_modules/@scure/bip32": {
      "version": "1.7.0",
      "resolved": "https://registry.npmjs.org/@scure/bip32/-/bip32-1.7.0.tgz",
      "integrity": "sha512-E4FFX/N3f4B80AKWp5dP6ow+flD1LQZo/w8UnLGYZO674jS6YnYeepycOOksv+vLPSpgN35wgKgy+ybfTb2SMw==",
      "license": "MIT",
      "dependencies": {
        "@noble/curves": "~1.9.0",
        "@noble/hashes": "~1.8.0",
        "@scure/base": "~1.2.5"
      },
      "funding": {
        "url": "https://paulmillr.com/funding/"
      }
    },
    "node_modules/@scure/bip39": {
      "version": "1.6.0",
      "resolved": "https://registry.npmjs.org/@scure/bip39/-/bip39-1.6.0.tgz",
      "integrity": "sha512-+lF0BbLiJNwVlev4eKelw1WWLaiKXw7sSl8T6FvBlWkdX+94aGJ4o8XjUdlyhTCjd8c+B3KT3JfS8P0bLRNU6A==",
      "license": "MIT",
      "dependencies": {
        "@noble/hashes": "~1.8.0",
        "@scure/base": "~1.2.5"
      },
      "funding": {
        "url": "https://paulmillr.com/funding/"
      }
    },
    "node_modules/@types/bun": {
      "version": "1.2.21",
      "resolved": "https://registry.npmjs.org/@types/bun/-/bun-1.2.21.tgz",
      "integrity": "sha512-NiDnvEqmbfQ6dmZ3EeUO577s4P5bf4HCTXtI6trMc6f6RzirY5IrF3aIookuSpyslFzrnvv2lmEWv5HyC1X79A==",
      "dev": true,
      "license": "MIT",
      "dependencies": {
        "bun-types": "1.2.21"
      }
    },
    "node_modules/@types/node": {
      "version": "24.3.0",
      "resolved": "https://registry.npmjs.org/@types/node/-/node-24.3.0.tgz",
      "integrity": "sha512-aPTXCrfwnDLj4VvXrm+UUCQjNEvJgNA8s5F1cvwQU+3KNltTOkBm1j30uNLyqqPNe7gE3KFzImYoZEfLhp4Yow==",
      "dev": true,
      "license": "MIT",
      "dependencies": {
        "undici-types": "~7.10.0"
      }
    },
    "node_modules/@types/react": {
      "version": "19.1.12",
      "resolved": "https://registry.npmjs.org/@types/react/-/react-19.1.12.tgz",
      "integrity": "sha512-cMoR+FoAf/Jyq6+Df2/Z41jISvGZZ2eTlnsaJRptmZ76Caldwy1odD4xTr/gNV9VLj0AWgg/nmkevIyUfIIq5w==",
      "dev": true,
      "license": "MIT",
      "peer": true,
      "dependencies": {
        "csstype": "^3.0.2"
      }
    },
    "node_modules/@types/yargs": {
      "version": "17.0.33",
      "resolved": "https://registry.npmjs.org/@types/yargs/-/yargs-17.0.33.tgz",
      "integrity": "sha512-WpxBCKWPLr4xSsHgz511rFJAM+wS28w2zEO1QDNY5zM/S8ok70NNfztH0xwhqKyaK0OHCbN98LDAZuy1ctxDkA==",
      "dev": true,
      "license": "MIT",
      "dependencies": {
        "@types/yargs-parser": "*"
      }
    },
    "node_modules/@types/yargs-parser": {
      "version": "21.0.3",
      "resolved": "https://registry.npmjs.org/@types/yargs-parser/-/yargs-parser-21.0.3.tgz",
      "integrity": "sha512-I4q9QU9MQv4oEOz4tAHJtNz1cwuLxn2F3xcc2iV5WdqLPpUnj30aUuxt1mAxYTG+oe8CZMV/+6rU4S4gRDzqtQ==",
      "dev": true,
      "license": "MIT"
    },
    "node_modules/@wormhole-foundation/sdk-base": {
      "version": "3.5.0",
      "resolved": "https://registry.npmjs.org/@wormhole-foundation/sdk-base/-/sdk-base-3.5.0.tgz",
      "integrity": "sha512-/YS06rXKGI5Xd2VAO7pwASDVIOKaXSMMYo4rCErrqabyA1Z93chlQ5jg0SNWJP9OGozk8u7we8JLZzdI7f+cuQ==",
      "license": "Apache-2.0",
      "peer": true,
      "dependencies": {
        "@scure/base": "^1.1.3",
        "binary-layout": "^1.0.3"
      }
    },
    "node_modules/@wormhole-foundation/sdk-connect": {
      "version": "3.5.0",
      "resolved": "https://registry.npmjs.org/@wormhole-foundation/sdk-connect/-/sdk-connect-3.5.0.tgz",
      "integrity": "sha512-5gDXJAactyyFIBRSiIxXpX3OMu0WXJI8JknFEO6YefPk249Ivsif0xil+e2SzVwLuRz5Mb2USfD9WHh5kx06ng==",
      "license": "Apache-2.0",
      "peer": true,
      "dependencies": {
        "@wormhole-foundation/sdk-base": "3.5.0",
        "@wormhole-foundation/sdk-definitions": "3.5.0",
        "axios": "^1.4.0"
      },
      "engines": {
        "node": ">=16"
      }
    },
    "node_modules/@wormhole-foundation/sdk-definitions": {
      "version": "3.5.0",
      "resolved": "https://registry.npmjs.org/@wormhole-foundation/sdk-definitions/-/sdk-definitions-3.5.0.tgz",
      "integrity": "sha512-QgeZc+b7E7/2Kg7e+vz5aNayRIfxD34I0XuX2CHMcLGVp2aJwHVQja1Po/QnKyvOvStkyldxcG+dWmIdeYef1A==",
      "peer": true,
      "dependencies": {
        "@noble/curves": "^1.4.0",
        "@noble/hashes": "^1.3.1",
        "@wormhole-foundation/sdk-base": "3.5.0"
      }
    },
    "node_modules/@wormhole-foundation/sdk-definitions-ntt": {
      "version": "2.0.3",
      "resolved": "https://registry.npmjs.org/@wormhole-foundation/sdk-definitions-ntt/-/sdk-definitions-ntt-2.0.3.tgz",
      "integrity": "sha512-mGhkffp6bdbfxYZeS0QMY8QiuAI8Z1MesQouorThKap4VQVowgDZK3TQtHvJ8KE+uOa9lseJ5HBVgmiNWy26fQ==",
      "peerDependencies": {
        "@wormhole-foundation/sdk-base": "^2.4.0",
        "@wormhole-foundation/sdk-definitions": "^2.4.0"
      }
    },
    "node_modules/@wormhole-foundation/sdk-sui": {
      "version": "3.5.0",
      "resolved": "https://registry.npmjs.org/@wormhole-foundation/sdk-sui/-/sdk-sui-3.5.0.tgz",
      "integrity": "sha512-Ftf7fW7yznEGi0cVDHWipmacE9RZ0SbKVji6P/7lRseAtnhbrIiMJfAjsnJ1VqLc/Kxs3rEP+iM/u8NrTgzArA==",
      "license": "Apache-2.0",
      "peer": true,
      "dependencies": {
        "@mysten/sui": "^1.37.2",
        "@wormhole-foundation/sdk-connect": "3.5.0"
      },
      "engines": {
        "node": ">=16"
      }
    },
    "node_modules/@wormhole-foundation/sdk-sui-core": {
      "version": "3.5.0",
      "resolved": "https://registry.npmjs.org/@wormhole-foundation/sdk-sui-core/-/sdk-sui-core-3.5.0.tgz",
      "integrity": "sha512-WyHFzFfhpI0Pf8CQK2rvCD6FdFmGQzM8M/wjczbd+mc5eE4l3CXD83eZZlQJ27ioSvSm8IuqP40Qo2EMxpuaQg==",
      "license": "Apache-2.0",
      "peer": true,
      "dependencies": {
        "@mysten/sui": "^1.37.2",
        "@wormhole-foundation/sdk-connect": "3.5.0",
        "@wormhole-foundation/sdk-sui": "3.5.0"
      },
      "engines": {
        "node": ">=16"
      }
    },
    "node_modules/@wormhole-foundation/sdk-sui-ntt": {
      "version": "2.0.3",
      "resolved": "https://registry.npmjs.org/@wormhole-foundation/sdk-sui-ntt/-/sdk-sui-ntt-2.0.3.tgz",
      "integrity": "sha512-T9TDoZVgrIkRWE4JPSC5n/6ggycs0MCn1e7val/6Abr781M1K5L1RQ3BcMjPBiSfvUSAxzw57czTgX+Jq/36QA==",
      "license": "Apache-2.0",
      "dependencies": {
        "@mysten/sui": "1.37.2",
        "@wormhole-foundation/sdk-definitions-ntt": "2.0.3"
      },
      "engines": {
        "node": ">=16"
      },
      "peerDependencies": {
        "@wormhole-foundation/sdk-base": "^2.4.0",
        "@wormhole-foundation/sdk-definitions": "^2.4.0",
        "@wormhole-foundation/sdk-sui": "^2.4.0",
        "@wormhole-foundation/sdk-sui-core": "^2.4.0"
      }
    },
    "node_modules/ansi-regex": {
      "version": "5.0.1",
      "resolved": "https://registry.npmjs.org/ansi-regex/-/ansi-regex-5.0.1.tgz",
      "integrity": "sha512-quJQXlTSUGL2LH9SUXo8VwsY4soanhgo6LNSm84E1LBcE8s3O0wpdiRzyR9z/ZZJMlMWv37qOOb9pdJlMUEKFQ==",
      "license": "MIT",
      "engines": {
        "node": ">=8"
      }
    },
    "node_modules/ansi-styles": {
      "version": "4.3.0",
      "resolved": "https://registry.npmjs.org/ansi-styles/-/ansi-styles-4.3.0.tgz",
      "integrity": "sha512-zbB9rCJAT1rbjiVDb2hqKFHNYLxgtk8NURxZ3IZwD3F6NtxbXZQCnnSi1Lkx+IDohdPlFp222wVALIheZJQSEg==",
      "license": "MIT",
      "dependencies": {
        "color-convert": "^2.0.1"
      },
      "engines": {
        "node": ">=8"
      },
      "funding": {
        "url": "https://github.com/chalk/ansi-styles?sponsor=1"
      }
    },
    "node_modules/asynckit": {
      "version": "0.4.0",
      "resolved": "https://registry.npmjs.org/asynckit/-/asynckit-0.4.0.tgz",
      "integrity": "sha512-Oei9OH4tRh0YqU3GxhX79dM/mwVgvbZJaSNaRk+bshkj0S5cfHcgYakreBjrHwatXKbz+IoIdYLxrKim2MjW0Q==",
      "license": "MIT",
      "peer": true
    },
    "node_modules/axios": {
      "version": "1.12.2",
      "resolved": "https://registry.npmjs.org/axios/-/axios-1.12.2.tgz",
      "integrity": "sha512-vMJzPewAlRyOgxV2dU0Cuz2O8zzzx9VYtbJOaBgXFeLc4IV/Eg50n4LowmehOOR61S8ZMpc2K5Sa7g6A4jfkUw==",
      "license": "MIT",
      "peer": true,
      "dependencies": {
        "follow-redirects": "^1.15.6",
        "form-data": "^4.0.4",
        "proxy-from-env": "^1.1.0"
      }
    },
    "node_modules/binary-layout": {
      "version": "1.3.1",
      "resolved": "https://registry.npmjs.org/binary-layout/-/binary-layout-1.3.1.tgz",
      "integrity": "sha512-kI8sWK05lJ1Qvkd6lC3slsD1bc4mJTTktyie3SkZE1BA8NCczpO9aynCm8HKrl/tpw2usAxHUiCDbHBZpo8/3g==",
      "license": "Apache-2.0",
      "peer": true
    },
    "node_modules/bun-types": {
      "version": "1.2.21",
      "resolved": "https://registry.npmjs.org/bun-types/-/bun-types-1.2.21.tgz",
      "integrity": "sha512-sa2Tj77Ijc/NTLS0/Odjq/qngmEPZfbfnOERi0KRUYhT9R8M4VBioWVmMWE5GrYbKMc+5lVybXygLdibHaqVqw==",
      "dev": true,
      "license": "MIT",
      "dependencies": {
        "@types/node": "*"
      },
      "peerDependencies": {
        "@types/react": "^19"
      }
    },
    "node_modules/call-bind-apply-helpers": {
      "version": "1.0.2",
      "resolved": "https://registry.npmjs.org/call-bind-apply-helpers/-/call-bind-apply-helpers-1.0.2.tgz",
      "integrity": "sha512-Sp1ablJ0ivDkSzjcaJdxEunN5/XvksFJ2sMBFfq6x0ryhQV/2b/KwFe21cMpmHtPOSij8K99/wSfoEuTObmuMQ==",
      "license": "MIT",
      "peer": true,
      "dependencies": {
        "es-errors": "^1.3.0",
        "function-bind": "^1.1.2"
      },
      "engines": {
        "node": ">= 0.4"
      }
    },
    "node_modules/chalk": {
      "version": "5.6.0",
      "resolved": "https://registry.npmjs.org/chalk/-/chalk-5.6.0.tgz",
      "integrity": "sha512-46QrSQFyVSEyYAgQ22hQ+zDa60YHA4fBstHmtSApj1Y5vKtG27fWowW03jCk5KcbXEWPZUIR894aARCA/G1kfQ==",
      "license": "MIT",
      "engines": {
        "node": "^12.17.0 || ^14.13 || >=16.0.0"
      },
      "funding": {
        "url": "https://github.com/chalk/chalk?sponsor=1"
      }
    },
    "node_modules/cliui": {
      "version": "8.0.1",
      "resolved": "https://registry.npmjs.org/cliui/-/cliui-8.0.1.tgz",
      "integrity": "sha512-BSeNnyus75C4//NQ9gQt1/csTXyo/8Sb+afLAkzAptFuMsod9HFokGNudZpi/oQV73hnVK+sR+5PVRMd+Dr7YQ==",
      "license": "ISC",
      "dependencies": {
        "string-width": "^4.2.0",
        "strip-ansi": "^6.0.1",
        "wrap-ansi": "^7.0.0"
      },
      "engines": {
        "node": ">=12"
      }
    },
    "node_modules/color-convert": {
      "version": "2.0.1",
      "resolved": "https://registry.npmjs.org/color-convert/-/color-convert-2.0.1.tgz",
      "integrity": "sha512-RRECPsj7iu/xb5oKYcsFHSppFNnsj/52OVTRKb4zP5onXwVF3zVmmToNcOfGC+CRDpfK/U584fMg38ZHCaElKQ==",
      "license": "MIT",
      "dependencies": {
        "color-name": "~1.1.4"
      },
      "engines": {
        "node": ">=7.0.0"
      }
    },
    "node_modules/color-name": {
      "version": "1.1.4",
      "resolved": "https://registry.npmjs.org/color-name/-/color-name-1.1.4.tgz",
      "integrity": "sha512-dOy+3AuW3a2wNbZHIuMZpTcgjGuLU/uBL/ubcZF9OXbDo8ff4O8yVp5Bf0efS8uEoYo5q4Fx7dY9OgQGXgAsQA==",
      "license": "MIT"
    },
    "node_modules/combined-stream": {
      "version": "1.0.8",
      "resolved": "https://registry.npmjs.org/combined-stream/-/combined-stream-1.0.8.tgz",
      "integrity": "sha512-FQN4MRfuJeHf7cBbBMJFXhKSDq+2kAArBlmRBvcvFE5BB1HZKXtSFASDhdlz9zOYwxh8lDdnvmMOe/+5cdoEdg==",
      "license": "MIT",
      "peer": true,
      "dependencies": {
        "delayed-stream": "~1.0.0"
      },
      "engines": {
        "node": ">= 0.8"
      }
    },
    "node_modules/csstype": {
      "version": "3.1.3",
      "resolved": "https://registry.npmjs.org/csstype/-/csstype-3.1.3.tgz",
      "integrity": "sha512-M1uQkMl8rQK/szD0LNhtqxIPLpimGm8sOBwU7lLnCpSbTyY3yeU1Vc7l4KT5zT4s/yOxHH5O7tIuuLOCnLADRw==",
      "dev": true,
      "license": "MIT",
      "peer": true
    },
    "node_modules/delayed-stream": {
      "version": "1.0.0",
      "resolved": "https://registry.npmjs.org/delayed-stream/-/delayed-stream-1.0.0.tgz",
      "integrity": "sha512-ZySD7Nf91aLB0RxL4KGrKHBXl7Eds1DAmEdcoVawXnLD7SDhpNgtuII2aAkg7a7QS41jxPSZ17p4VdGnMHk3MQ==",
      "license": "MIT",
      "peer": true,
      "engines": {
        "node": ">=0.4.0"
      }
    },
    "node_modules/dunder-proto": {
      "version": "1.0.1",
      "resolved": "https://registry.npmjs.org/dunder-proto/-/dunder-proto-1.0.1.tgz",
      "integrity": "sha512-KIN/nDJBQRcXw0MLVhZE9iQHmG68qAVIBg9CqmUYjmQIhgij9U5MFvrqkUL5FbtyyzZuOeOt0zdeRe4UY7ct+A==",
      "license": "MIT",
      "peer": true,
      "dependencies": {
        "call-bind-apply-helpers": "^1.0.1",
        "es-errors": "^1.3.0",
        "gopd": "^1.2.0"
      },
      "engines": {
        "node": ">= 0.4"
      }
    },
    "node_modules/emoji-regex": {
      "version": "8.0.0",
      "resolved": "https://registry.npmjs.org/emoji-regex/-/emoji-regex-8.0.0.tgz",
      "integrity": "sha512-MSjYzcWNOA0ewAHpz0MxpYFvwg6yjy1NG3xteoqz644VCo/RPgnr1/GGt+ic3iJTzQ8Eu3TdM14SawnVUmGE6A==",
      "license": "MIT"
    },
    "node_modules/es-define-property": {
      "version": "1.0.1",
      "resolved": "https://registry.npmjs.org/es-define-property/-/es-define-property-1.0.1.tgz",
      "integrity": "sha512-e3nRfgfUZ4rNGL232gUgX06QNyyez04KdjFrF+LTRoOXmrOgFKDg4BCdsjW8EnT69eqdYGmRpJwiPVYNrCaW3g==",
      "license": "MIT",
      "peer": true,
      "engines": {
        "node": ">= 0.4"
      }
    },
    "node_modules/es-errors": {
      "version": "1.3.0",
      "resolved": "https://registry.npmjs.org/es-errors/-/es-errors-1.3.0.tgz",
      "integrity": "sha512-Zf5H2Kxt2xjTvbJvP2ZWLEICxA6j+hAmMzIlypy4xcBg1vKVnx89Wy0GbS+kf5cwCVFFzdCFh2XSCFNULS6csw==",
      "license": "MIT",
      "peer": true,
      "engines": {
        "node": ">= 0.4"
      }
    },
    "node_modules/es-object-atoms": {
      "version": "1.1.1",
      "resolved": "https://registry.npmjs.org/es-object-atoms/-/es-object-atoms-1.1.1.tgz",
      "integrity": "sha512-FGgH2h8zKNim9ljj7dankFPcICIK9Cp5bm+c2gQSYePhpaG5+esrLODihIorn+Pe6FGJzWhXQotPv73jTaldXA==",
      "license": "MIT",
      "peer": true,
      "dependencies": {
        "es-errors": "^1.3.0"
      },
      "engines": {
        "node": ">= 0.4"
      }
    },
    "node_modules/es-set-tostringtag": {
      "version": "2.1.0",
      "resolved": "https://registry.npmjs.org/es-set-tostringtag/-/es-set-tostringtag-2.1.0.tgz",
      "integrity": "sha512-j6vWzfrGVfyXxge+O0x5sh6cvxAog0a/4Rdd2K36zCMV5eJ+/+tOAngRO8cODMNWbVRdVlmGZQL2YS3yR8bIUA==",
      "license": "MIT",
      "peer": true,
      "dependencies": {
        "es-errors": "^1.3.0",
        "get-intrinsic": "^1.2.6",
        "has-tostringtag": "^1.0.2",
        "hasown": "^2.0.2"
      },
      "engines": {
        "node": ">= 0.4"
      }
    },
    "node_modules/escalade": {
      "version": "3.2.0",
      "resolved": "https://registry.npmjs.org/escalade/-/escalade-3.2.0.tgz",
      "integrity": "sha512-WUj2qlxaQtO4g6Pq5c29GTcWGDyd8itL8zTlipgECz3JesAiiOKotd8JU6otB3PACgG6xkJUyVhboMS+bje/jA==",
      "license": "MIT",
      "engines": {
        "node": ">=6"
      }
    },
    "node_modules/follow-redirects": {
      "version": "1.15.11",
      "resolved": "https://registry.npmjs.org/follow-redirects/-/follow-redirects-1.15.11.tgz",
      "integrity": "sha512-deG2P0JfjrTxl50XGCDyfI97ZGVCxIpfKYmfyrQ54n5FO/0gfIES8C/Psl6kWVDolizcaaxZJnTS0QSMxvnsBQ==",
      "funding": [
        {
          "type": "individual",
          "url": "https://github.com/sponsors/RubenVerborgh"
        }
      ],
      "license": "MIT",
      "peer": true,
      "engines": {
        "node": ">=4.0"
      },
      "peerDependenciesMeta": {
        "debug": {
          "optional": true
        }
      }
    },
    "node_modules/form-data": {
      "version": "4.0.4",
      "resolved": "https://registry.npmjs.org/form-data/-/form-data-4.0.4.tgz",
      "integrity": "sha512-KrGhL9Q4zjj0kiUt5OO4Mr/A/jlI2jDYs5eHBpYHPcBEVSiipAvn2Ko2HnPe20rmcuuvMHNdZFp+4IlGTMF0Ow==",
      "license": "MIT",
      "peer": true,
      "dependencies": {
        "asynckit": "^0.4.0",
        "combined-stream": "^1.0.8",
        "es-set-tostringtag": "^2.1.0",
        "hasown": "^2.0.2",
        "mime-types": "^2.1.12"
      },
      "engines": {
        "node": ">= 6"
      }
    },
    "node_modules/function-bind": {
      "version": "1.1.2",
      "resolved": "https://registry.npmjs.org/function-bind/-/function-bind-1.1.2.tgz",
      "integrity": "sha512-7XHNxH7qX9xG5mIwxkhumTox/MIRNcOgDrxWsMt2pAr23WHp6MrRlN7FBSFpCpr+oVO0F744iUgR82nJMfG2SA==",
      "license": "MIT",
      "peer": true,
      "funding": {
        "url": "https://github.com/sponsors/ljharb"
      }
    },
    "node_modules/get-caller-file": {
      "version": "2.0.5",
      "resolved": "https://registry.npmjs.org/get-caller-file/-/get-caller-file-2.0.5.tgz",
      "integrity": "sha512-DyFP3BM/3YHTQOCUL/w0OZHR0lpKeGrxotcHWcqNEdnltqFwXVfhEBQ94eIo34AfQpo0rGki4cyIiftY06h2Fg==",
      "license": "ISC",
      "engines": {
        "node": "6.* || 8.* || >= 10.*"
      }
    },
    "node_modules/get-intrinsic": {
      "version": "1.3.0",
      "resolved": "https://registry.npmjs.org/get-intrinsic/-/get-intrinsic-1.3.0.tgz",
      "integrity": "sha512-9fSjSaos/fRIVIp+xSJlE6lfwhES7LNtKaCBIamHsjr2na1BiABJPo0mOjjz8GJDURarmCPGqaiVg5mfjb98CQ==",
      "license": "MIT",
      "peer": true,
      "dependencies": {
        "call-bind-apply-helpers": "^1.0.2",
        "es-define-property": "^1.0.1",
        "es-errors": "^1.3.0",
        "es-object-atoms": "^1.1.1",
        "function-bind": "^1.1.2",
        "get-proto": "^1.0.1",
        "gopd": "^1.2.0",
        "has-symbols": "^1.1.0",
        "hasown": "^2.0.2",
        "math-intrinsics": "^1.1.0"
      },
      "engines": {
        "node": ">= 0.4"
      },
      "funding": {
        "url": "https://github.com/sponsors/ljharb"
      }
    },
    "node_modules/get-proto": {
      "version": "1.0.1",
      "resolved": "https://registry.npmjs.org/get-proto/-/get-proto-1.0.1.tgz",
      "integrity": "sha512-sTSfBjoXBp89JvIKIefqw7U2CCebsc74kiY6awiGogKtoSGbgjYE/G/+l9sF3MWFPNc9IcoOC4ODfKHfxFmp0g==",
      "license": "MIT",
      "peer": true,
      "dependencies": {
        "dunder-proto": "^1.0.1",
        "es-object-atoms": "^1.0.0"
      },
      "engines": {
        "node": ">= 0.4"
      }
    },
    "node_modules/gopd": {
      "version": "1.2.0",
      "resolved": "https://registry.npmjs.org/gopd/-/gopd-1.2.0.tgz",
      "integrity": "sha512-ZUKRh6/kUFoAiTAtTYPZJ3hw9wNxx+BIBOijnlG9PnrJsCcSjs1wyyD6vJpaYtgnzDrKYRSqf3OO6Rfa93xsRg==",
      "license": "MIT",
      "peer": true,
      "engines": {
        "node": ">= 0.4"
      },
      "funding": {
        "url": "https://github.com/sponsors/ljharb"
      }
    },
    "node_modules/gql.tada": {
      "version": "1.8.13",
      "resolved": "https://registry.npmjs.org/gql.tada/-/gql.tada-1.8.13.tgz",
      "integrity": "sha512-fYoorairdPgxtE7Sf1X9/6bSN9Kt2+PN8KLg3hcF8972qFnawwUgs1OLVU8efZMHwL7EBHhhKBhrsGPlOs2lZQ==",
      "license": "MIT",
      "dependencies": {
        "@0no-co/graphql.web": "^1.0.5",
        "@0no-co/graphqlsp": "^1.12.13",
        "@gql.tada/cli-utils": "1.7.1",
        "@gql.tada/internal": "1.0.8"
      },
      "bin": {
        "gql-tada": "bin/cli.js",
        "gql.tada": "bin/cli.js"
      },
      "peerDependencies": {
        "typescript": "^5.0.0"
      }
    },
    "node_modules/graphql": {
      "version": "16.11.0",
      "resolved": "https://registry.npmjs.org/graphql/-/graphql-16.11.0.tgz",
      "integrity": "sha512-mS1lbMsxgQj6hge1XZ6p7GPhbrtFwUFYi3wRzXAC/FmYnyXMTvvI3td3rjmQ2u8ewXueaSvRPWaEcgVVOT9Jnw==",
      "license": "MIT",
      "engines": {
        "node": "^12.22.0 || ^14.16.0 || ^16.0.0 || >=17.0.0"
      }
    },
    "node_modules/has-symbols": {
      "version": "1.1.0",
      "resolved": "https://registry.npmjs.org/has-symbols/-/has-symbols-1.1.0.tgz",
      "integrity": "sha512-1cDNdwJ2Jaohmb3sg4OmKaMBwuC48sYni5HUw2DvsC8LjGTLK9h+eb1X6RyuOHe4hT0ULCW68iomhjUoKUqlPQ==",
      "license": "MIT",
      "peer": true,
      "engines": {
        "node": ">= 0.4"
      },
      "funding": {
        "url": "https://github.com/sponsors/ljharb"
      }
    },
    "node_modules/has-tostringtag": {
      "version": "1.0.2",
      "resolved": "https://registry.npmjs.org/has-tostringtag/-/has-tostringtag-1.0.2.tgz",
      "integrity": "sha512-NqADB8VjPFLM2V0VvHUewwwsw0ZWBaIdgo+ieHtK3hasLz4qeCRjYcqfB6AQrBggRKppKF8L52/VqdVsO47Dlw==",
      "license": "MIT",
      "peer": true,
      "dependencies": {
        "has-symbols": "^1.0.3"
      },
      "engines": {
        "node": ">= 0.4"
      },
      "funding": {
        "url": "https://github.com/sponsors/ljharb"
      }
    },
    "node_modules/hasown": {
      "version": "2.0.2",
      "resolved": "https://registry.npmjs.org/hasown/-/hasown-2.0.2.tgz",
      "integrity": "sha512-0hJU9SCPvmMzIBdZFqNPXWa6dqh7WdH0cII9y+CyS8rG3nL48Bclra9HmKhVVUHyPWNH5Y7xDwAB7bfgSjkUMQ==",
      "license": "MIT",
      "peer": true,
      "dependencies": {
        "function-bind": "^1.1.2"
      },
      "engines": {
        "node": ">= 0.4"
      }
    },
    "node_modules/is-fullwidth-code-point": {
      "version": "3.0.0",
      "resolved": "https://registry.npmjs.org/is-fullwidth-code-point/-/is-fullwidth-code-point-3.0.0.tgz",
      "integrity": "sha512-zymm5+u+sCsSWyD9qNaejV3DFvhCKclKdizYaJUuHA83RLjb7nSuGnddCHGv0hk+KY7BMAlsWeK4Ueg6EV6XQg==",
      "license": "MIT",
      "engines": {
        "node": ">=8"
      }
    },
    "node_modules/math-intrinsics": {
      "version": "1.1.0",
      "resolved": "https://registry.npmjs.org/math-intrinsics/-/math-intrinsics-1.1.0.tgz",
      "integrity": "sha512-/IXtbwEk5HTPyEwyKX6hGkYXxM9nbj64B+ilVJnC/R6B0pH5G4V3b0pVbL7DBj4tkhBAppbQUlf6F6Xl9LHu1g==",
      "license": "MIT",
      "peer": true,
      "engines": {
        "node": ">= 0.4"
      }
    },
    "node_modules/mime-db": {
      "version": "1.52.0",
      "resolved": "https://registry.npmjs.org/mime-db/-/mime-db-1.52.0.tgz",
      "integrity": "sha512-sPU4uV7dYlvtWJxwwxHD0PuihVNiE7TyAbQ5SWxDCB9mUYvOgroQOwYQQOKPJ8CIbE+1ETVlOoK1UC2nU3gYvg==",
      "license": "MIT",
      "peer": true,
      "engines": {
        "node": ">= 0.6"
      }
    },
    "node_modules/mime-types": {
      "version": "2.1.35",
      "resolved": "https://registry.npmjs.org/mime-types/-/mime-types-2.1.35.tgz",
      "integrity": "sha512-ZDY+bPm5zTTF+YpCrAU9nK0UgICYPT0QtT1NZWFv4s++TNkcgVaT0g6+4R2uI4MjQjzysHB1zxuWL50hzaeXiw==",
      "license": "MIT",
      "peer": true,
      "dependencies": {
        "mime-db": "1.52.0"
      },
      "engines": {
        "node": ">= 0.6"
      }
    },
    "node_modules/poseidon-lite": {
      "version": "0.2.1",
      "resolved": "https://registry.npmjs.org/poseidon-lite/-/poseidon-lite-0.2.1.tgz",
      "integrity": "sha512-xIr+G6HeYfOhCuswdqcFpSX47SPhm0EpisWJ6h7fHlWwaVIvH3dLnejpatrtw6Xc6HaLrpq05y7VRfvDmDGIog==",
      "license": "MIT"
    },
    "node_modules/proxy-from-env": {
      "version": "1.1.0",
      "resolved": "https://registry.npmjs.org/proxy-from-env/-/proxy-from-env-1.1.0.tgz",
      "integrity": "sha512-D+zkORCbA9f1tdWRK0RaCR3GPv50cMxcrz4X8k5LTSUD1Dkw47mKJEZQNunItRTkWwgtaUSo1RVFRIG9ZXiFYg==",
      "license": "MIT",
      "peer": true
    },
    "node_modules/require-directory": {
      "version": "2.1.1",
      "resolved": "https://registry.npmjs.org/require-directory/-/require-directory-2.1.1.tgz",
      "integrity": "sha512-fGxEI7+wsG9xrvdjsrlmL22OMTTiHRwAMroiEeMgq8gzoLC/PQr7RsRDSTLUg/bZAZtF+TVIkHc6/4RIKrui+Q==",
      "license": "MIT",
      "engines": {
        "node": ">=0.10.0"
      }
    },
    "node_modules/string-width": {
      "version": "4.2.3",
      "resolved": "https://registry.npmjs.org/string-width/-/string-width-4.2.3.tgz",
      "integrity": "sha512-wKyQRQpjJ0sIp62ErSZdGsjMJWsap5oRNihHhu6G7JVO/9jIB6UyevL+tXuOqrng8j/cxKTWyWUwvSTriiZz/g==",
      "license": "MIT",
      "dependencies": {
        "emoji-regex": "^8.0.0",
        "is-fullwidth-code-point": "^3.0.0",
        "strip-ansi": "^6.0.1"
      },
      "engines": {
        "node": ">=8"
      }
    },
    "node_modules/strip-ansi": {
      "version": "6.0.1",
      "resolved": "https://registry.npmjs.org/strip-ansi/-/strip-ansi-6.0.1.tgz",
      "integrity": "sha512-Y38VPSHcqkFrCpFnQ9vuSXmquuv5oXOKpGeT6aGrr3o3Gc9AlVa6JBfUSOCnbxGGZF+/0ooI7KrPuUSztUdU5A==",
      "license": "MIT",
      "dependencies": {
        "ansi-regex": "^5.0.1"
      },
      "engines": {
        "node": ">=8"
      }
    },
    "node_modules/typescript": {
      "version": "5.9.2",
      "resolved": "https://registry.npmjs.org/typescript/-/typescript-5.9.2.tgz",
      "integrity": "sha512-CWBzXQrc/qOkhidw1OzBTQuYRbfyxDXJMVJ1XNwUHGROVmuaeiEm3OslpZ1RV96d7SKKjZKrSJu3+t/xlw3R9A==",
      "license": "Apache-2.0",
      "peer": true,
      "bin": {
        "tsc": "bin/tsc",
        "tsserver": "bin/tsserver"
      },
      "engines": {
        "node": ">=14.17"
      }
    },
    "node_modules/undici-types": {
      "version": "7.10.0",
      "resolved": "https://registry.npmjs.org/undici-types/-/undici-types-7.10.0.tgz",
      "integrity": "sha512-t5Fy/nfn+14LuOc2KNYg75vZqClpAiqscVvMygNnlsHBFpSXdJaYtXMcdNLpl/Qvc3P2cB3s6lOV51nqsFq4ag==",
      "dev": true,
      "license": "MIT"
    },
    "node_modules/valibot": {
      "version": "0.36.0",
      "resolved": "https://registry.npmjs.org/valibot/-/valibot-0.36.0.tgz",
      "integrity": "sha512-CjF1XN4sUce8sBK9TixrDqFM7RwNkuXdJu174/AwmQUB62QbCQADg5lLe8ldBalFgtj1uKj+pKwDJiNo4Mn+eQ==",
      "license": "MIT"
    },
    "node_modules/wrap-ansi": {
      "version": "7.0.0",
      "resolved": "https://registry.npmjs.org/wrap-ansi/-/wrap-ansi-7.0.0.tgz",
      "integrity": "sha512-YVGIj2kamLSTxw6NsZjoBxfSwsn0ycdesmc4p+Q21c5zPuZ1pl+NfxVdxPtdHvmNVOQ6XSYG4AUtyt/Fi7D16Q==",
      "license": "MIT",
      "dependencies": {
        "ansi-styles": "^4.0.0",
        "string-width": "^4.1.0",
        "strip-ansi": "^6.0.0"
      },
      "engines": {
        "node": ">=10"
      },
      "funding": {
        "url": "https://github.com/chalk/wrap-ansi?sponsor=1"
      }
    },
    "node_modules/y18n": {
      "version": "5.0.8",
      "resolved": "https://registry.npmjs.org/y18n/-/y18n-5.0.8.tgz",
      "integrity": "sha512-0pfFzegeDWJHJIAmTLRP2DwHjdF5s7jo9tuztdQxAhINCdvS+3nGINqPd00AphqJR/0LhANUS6/+7SCb98YOfA==",
      "license": "ISC",
      "engines": {
        "node": ">=10"
      }
    },
    "node_modules/yargs": {
      "version": "17.7.2",
      "resolved": "https://registry.npmjs.org/yargs/-/yargs-17.7.2.tgz",
      "integrity": "sha512-7dSzzRQ++CKnNI/krKnYRV7JKKPUXMEh61soaHKg9mrWEhzFWhFnxPxGl+69cD1Ou63C13NUPCnmIcrvqCuM6w==",
      "license": "MIT",
      "dependencies": {
        "cliui": "^8.0.1",
        "escalade": "^3.1.1",
        "get-caller-file": "^2.0.5",
        "require-directory": "^2.1.1",
        "string-width": "^4.2.3",
        "y18n": "^5.0.5",
        "yargs-parser": "^21.1.1"
      },
      "engines": {
        "node": ">=12"
      }
    },
    "node_modules/yargs-parser": {
      "version": "21.1.1",
      "resolved": "https://registry.npmjs.org/yargs-parser/-/yargs-parser-21.1.1.tgz",
      "integrity": "sha512-tVpsJW7DdjecAiFpbIB1e3qxIQsE6NoPc5/eTdrbbIC4h0LVsWhnoa3g+m2HclBIujHzsxZ4VJVA+GUuc2/LBw==",
      "license": "ISC",
      "engines": {
        "node": ">=12"
      }
    }
  }
}
